
Microsoft Visual Studio Solution File, Format Version 12.00
Project("{FAE04EC0-301F-11D3-BF4B-00C04F79EFBC}") = "ChatAppLib", "ChatAppLib\ChatAppLib.csproj", "{8160A98E-E23D-40C2-B804-8BCB962449B1}"
EndProject
Project("{FAE04EC0-301F-11D3-BF4B-00C04F79EFBC}") = "Server", "Server\Server.csproj", "{4C405D7B-E3B7-44A4-B4F1-48FEDFF5458E}"
EndProject
Project("{FAE04EC0-301F-11D3-BF4B-00C04F79EFBC}") = "Client", "Client\Client.csproj", "{6C8A15B1-8A42-407F-97CE-5AB06E114B4C}"
EndProject
Global
	GlobalSection(SolutionConfigurationPlatforms) = preSolution
		Debug|Any CPU = Debug|Any CPU
		Release|Any CPU = Release|Any CPU
	EndGlobalSection
	GlobalSection(ProjectConfigurationPlatforms) = postSolution
		{8160A98E-E23D-40C2-B804-8BCB962449B1}.Debug|Any CPU.ActiveCfg = Debug|Any CPU
		{8160A98E-E23D-40C2-B804-8BCB962449B1}.Debug|Any CPU.Build.0 = Debug|Any CPU
		{8160A98E-E23D-40C2-B804-8BCB962449B1}.Release|Any CPU.ActiveCfg = Release|Any CPU
		{8160A98E-E23D-40C2-B804-8BCB962449B1}.Release|Any CPU.Build.0 = Release|Any CPU
		{4C405D7B-E3B7-44A4-B4F1-48FEDFF5458E}.Debug|Any CPU.ActiveCfg = Debug|Any CPU
		{4C405D7B-E3B7-44A4-B4F1-48FEDFF5458E}.Debug|Any CPU.Build.0 = Debug|Any CPU
		{4C405D7B-E3B7-44A4-B4F1-48FEDFF5458E}.Release|Any CPU.ActiveCfg = Release|Any CPU
		{4C405D7B-E3B7-44A4-B4F1-48FEDFF5458E}.Release|Any CPU.Build.0 = Release|Any CPU
		{6C8A15B1-8A42-407F-97CE-5AB06E114B4C}.Debug|Any CPU.ActiveCfg = Debug|Any CPU
		{6C8A15B1-8A42-407F-97CE-5AB06E114B4C}.Debug|Any CPU.Build.0 = Debug|Any CPU
		{6C8A15B1-8A42-407F-97CE-5AB06E114B4C}.Release|Any CPU.ActiveCfg = Release|Any CPU
		{6C8A15B1-8A42-407F-97CE-5AB06E114B4C}.Release|Any CPU.Build.0 = Release|Any CPU
	EndGlobalSection
EndGlobal
